
Microsoft Visual Studio Solution File, Format Version 12.00
# Visual Studio 15
VisualStudioVersion = 15.0.28010.2016
MinimumVisualStudioVersion = 10.0.40219.1
Project("{9A19103F-16F7-4668-BE54-9A1E7A4F7556}") = "dbSpecflow", "src\dbSpecflow\dbSpecflow.csproj", "{A6730FAE-230A-4713-8D10-D63E821E30A3}"
EndProject
Project("{2150E333-8FDC-42A3-9474-1A3956D46DE8}") = "src", "src", "{27EF503E-DF65-4EE2-B4C2-9E62B0ED9E7C}"
EndProject
Project("{2150E333-8FDC-42A3-9474-1A3956D46DE8}") = "tests", "tests", "{8ECA8D10-DE8D-4D45-89BC-71068CD7D543}"
EndProject
Project("{FAE04EC0-301F-11D3-BF4B-00C04F79EFBC}") = "dbSpecflow_tests", "tests\dbSpecflow_tests\dbSpecflow_tests.csproj", "{76AA377C-7D75-44A7-8BF7-A24B5A94A788}"
EndProject
Global
	GlobalSection(SolutionConfigurationPlatforms) = preSolution
		Debug|Any CPU = Debug|Any CPU
		Release|Any CPU = Release|Any CPU
	EndGlobalSection
	GlobalSection(ProjectConfigurationPlatforms) = postSolution
		{A6730FAE-230A-4713-8D10-D63E821E30A3}.Debug|Any CPU.ActiveCfg = Debug|Any CPU
		{A6730FAE-230A-4713-8D10-D63E821E30A3}.Debug|Any CPU.Build.0 = Debug|Any CPU
		{A6730FAE-230A-4713-8D10-D63E821E30A3}.Release|Any CPU.ActiveCfg = Release|Any CPU
		{A6730FAE-230A-4713-8D10-D63E821E30A3}.Release|Any CPU.Build.0 = Release|Any CPU
		{76AA377C-7D75-44A7-8BF7-A24B5A94A788}.Debug|Any CPU.ActiveCfg = Debug|Any CPU
		{76AA377C-7D75-44A7-8BF7-A24B5A94A788}.Debug|Any CPU.Build.0 = Debug|Any CPU
		{76AA377C-7D75-44A7-8BF7-A24B5A94A788}.Release|Any CPU.ActiveCfg = Release|Any CPU
		{76AA377C-7D75-44A7-8BF7-A24B5A94A788}.Release|Any CPU.Build.0 = Release|Any CPU
	EndGlobalSection
	GlobalSection(SolutionProperties) = preSolution
		HideSolutionNode = FALSE
	EndGlobalSection
	GlobalSection(NestedProjects) = preSolution
		{A6730FAE-230A-4713-8D10-D63E821E30A3} = {27EF503E-DF65-4EE2-B4C2-9E62B0ED9E7C}
		{76AA377C-7D75-44A7-8BF7-A24B5A94A788} = {8ECA8D10-DE8D-4D45-89BC-71068CD7D543}
	EndGlobalSection
	GlobalSection(ExtensibilityGlobals) = postSolution
		SolutionGuid = {2BCE548A-BA8B-44BA-BB68-38838F3B5059}
	EndGlobalSection
EndGlobal
